// !$*UTF8*$!
{
	archiveVersion = 1;
	classes = {
	};
	objectVersion = 56;
	objects = {

/* Begin PBXBuildFile section */
		3A640CD6C7A7AEEA68AE060C /* Pods_AnimationApp.framework in Frameworks */ = {isa = PBXBuildFile; fileRef = 9EB56FF38F610F1A7D32EC4E /* Pods_AnimationApp.framework */; };
		52749D372ACE0F5000EB022E /* landscape.json in Resources */ = {isa = PBXBuildFile; fileRef = 52749D342ACE0F5000EB022E /* landscape.json */; };
		52749D382ACE0F5000EB022E /* camera.json in Resources */ = {isa = PBXBuildFile; fileRef = 52749D352ACE0F5000EB022E /* camera.json */; };
		52749D392ACE0F5000EB022E /* film.json in Resources */ = {isa = PBXBuildFile; fileRef = 52749D362ACE0F5000EB022E /* film.json */; };
		527DD61F2ACDEC2A008A88A1 /* AppDelegate.swift in Sources */ = {isa = PBXBuildFile; fileRef = 527DD61E2ACDEC2A008A88A1 /* AppDelegate.swift */; };
		527DD6212ACDEC2A008A88A1 /* SceneDelegate.swift in Sources */ = {isa = PBXBuildFile; fileRef = 527DD6202ACDEC2A008A88A1 /* SceneDelegate.swift */; };
		527DD6262ACDEC2A008A88A1 /* Main.storyboard in Resources */ = {isa = PBXBuildFile; fileRef = 527DD6242ACDEC2A008A88A1 /* Main.storyboard */; };
		527DD6292ACDEC2A008A88A1 /* AnimationApp.xcdatamodeld in Sources */ = {isa = PBXBuildFile; fileRef = 527DD6272ACDEC2A008A88A1 /* AnimationApp.xcdatamodeld */; };
		527DD62B2ACDEC2C008A88A1 /* Assets.xcassets in Resources */ = {isa = PBXBuildFile; fileRef = 527DD62A2ACDEC2C008A88A1 /* Assets.xcassets */; };
		527DD62E2ACDEC2C008A88A1 /* LaunchScreen.storyboard in Resources */ = {isa = PBXBuildFile; fileRef = 527DD62C2ACDEC2C008A88A1 /* LaunchScreen.storyboard */; };
		52BE3FE42ACDF3ED00F6F061 /* AnimationVC.swift in Sources */ = {isa = PBXBuildFile; fileRef = 52BE3FE32ACDF3ED00F6F061 /* AnimationVC.swift */; };
		52BE3FE72ACDF55200F6F061 /* UIButtonExt.swift in Sources */ = {isa = PBXBuildFile; fileRef = 52BE3FE62ACDF55200F6F061 /* UIButtonExt.swift */; };
/* End PBXBuildFile section */

/* Begin PBXFileReference section */
		52749D342ACE0F5000EB022E /* landscape.json */ = {isa = PBXFileReference; fileEncoding = 4; lastKnownFileType = text.json; name = landscape.json; path = ../../../../../../Downloads/landscape.json; sourceTree = "<group>"; };
		52749D352ACE0F5000EB022E /* camera.json */ = {isa = PBXFileReference; fileEncoding = 4; lastKnownFileType = text.json; name = camera.json; path = ../../../../../../Downloads/camera.json; sourceTree = "<group>"; };
		52749D362ACE0F5000EB022E /* film.json */ = {isa = PBXFileReference; fileEncoding = 4; lastKnownFileType = text.json; name = film.json; path = ../../../../../../Downloads/film.json; sourceTree = "<group>"; };
		527DD61B2ACDEC2A008A88A1 /* AnimationApp.app */ = {isa = PBXFileReference; explicitFileType = wrapper.application; includeInIndex = 0; path = AnimationApp.app; sourceTree = BUILT_PRODUCTS_DIR; };
		527DD61E2ACDEC2A008A88A1 /* AppDelegate.swift */ = {isa = PBXFileReference; lastKnownFileType = sourcecode.swift; path = AppDelegate.swift; sourceTree = "<group>"; };
		527DD6202ACDEC2A008A88A1 /* SceneDelegate.swift */ = {isa = PBXFileReference; lastKnownFileType = sourcecode.swift; path = SceneDelegate.swift; sourceTree = "<group>"; };
		527DD6252ACDEC2A008A88A1 /* Base */ = {isa = PBXFileReference; lastKnownFileType = file.storyboard; name = Base; path = Base.lproj/Main.storyboard; sourceTree = "<group>"; };
		527DD6282ACDEC2A008A88A1 /* AnimationApp.xcdatamodel */ = {isa = PBXFileReference; lastKnownFileType = wrapper.xcdatamodel; path = AnimationApp.xcdatamodel; sourceTree = "<group>"; };
		527DD62A2ACDEC2C008A88A1 /* Assets.xcassets */ = {isa = PBXFileReference; lastKnownFileType = folder.assetcatalog; path = Assets.xcassets; sourceTree = "<group>"; };
		527DD62D2ACDEC2C008A88A1 /* Base */ = {isa = PBXFileReference; lastKnownFileType = file.storyboard; name = Base; path = Base.lproj/LaunchScreen.storyboard; sourceTree = "<group>"; };
		527DD62F2ACDEC2C008A88A1 /* Info.plist */ = {isa = PBXFileReference; lastKnownFileType = text.plist.xml; path = Info.plist; sourceTree = "<group>"; };
		52BE3FE32ACDF3ED00F6F061 /* AnimationVC.swift */ = {isa = PBXFileReference; lastKnownFileType = sourcecode.swift; path = AnimationVC.swift; sourceTree = "<group>"; };
		52BE3FE62ACDF55200F6F061 /* UIButtonExt.swift */ = {isa = PBXFileReference; lastKnownFileType = sourcecode.swift; path = UIButtonExt.swift; sourceTree = "<group>"; };
		979C7596E2BDACCF6ED51B85 /* Pods-AnimationApp.debug.xcconfig */ = {isa = PBXFileReference; includeInIndex = 1; lastKnownFileType = text.xcconfig; name = "Pods-AnimationApp.debug.xcconfig"; path = "Target Support Files/Pods-AnimationApp/Pods-AnimationApp.debug.xcconfig"; sourceTree = "<group>"; };
		9EB56FF38F610F1A7D32EC4E /* Pods_AnimationApp.framework */ = {isa = PBXFileReference; explicitFileType = wrapper.framework; includeInIndex = 0; path = Pods_AnimationApp.framework; sourceTree = BUILT_PRODUCTS_DIR; };
		CD8AE7F96FE34D8654DF1CF2 /* Pods-AnimationApp.release.xcconfig */ = {isa = PBXFileReference; includeInIndex = 1; lastKnownFileType = text.xcconfig; name = "Pods-AnimationApp.release.xcconfig"; path = "Target Support Files/Pods-AnimationApp/Pods-AnimationApp.release.xcconfig"; sourceTree = "<group>"; };
/* End PBXFileReference section */

/* Begin PBXFrameworksBuildPhase section */
		527DD6182ACDEC2A008A88A1 /* Frameworks */ = {
			isa = PBXFrameworksBuildPhase;
			buildActionMask = 2147483647;
			files = (
				3A640CD6C7A7AEEA68AE060C /* Pods_AnimationApp.framework in Frameworks */,
			);
			runOnlyForDeploymentPostprocessing = 0;
		};
/* End PBXFrameworksBuildPhase section */

/* Begin PBXGroup section */
		4A89F7547551E263410AD779 /* Pods */ = {
			isa = PBXGroup;
			children = (
				979C7596E2BDACCF6ED51B85 /* Pods-AnimationApp.debug.xcconfig */,
				CD8AE7F96FE34D8654DF1CF2 /* Pods-AnimationApp.release.xcconfig */,
			);
			path = Pods;
			sourceTree = "<group>";
		};
		52749D242ACE09A900EB022E /* Assets */ = {
			isa = PBXGroup;
			children = (
				52749D252ACE0C0600EB022E /* Animations */,
				527DD62A2ACDEC2C008A88A1 /* Assets.xcassets */,
			);
			path = Assets;
			sourceTree = "<group>";
		};
		52749D252ACE0C0600EB022E /* Animations */ = {
			isa = PBXGroup;
			children = (
				52749D352ACE0F5000EB022E /* camera.json */,
				52749D362ACE0F5000EB022E /* film.json */,
				52749D342ACE0F5000EB022E /* landscape.json */,
			);
			name = Animations;
			path = ../Animations;
			sourceTree = "<group>";
		};
		527DD6122ACDEC2A008A88A1 = {
			isa = PBXGroup;
			children = (
				527DD61D2ACDEC2A008A88A1 /* AnimationApp */,
				527DD61C2ACDEC2A008A88A1 /* Products */,
				4A89F7547551E263410AD779 /* Pods */,
				997F69243E96A3A46B05F0EE /* Frameworks */,
			);
			sourceTree = "<group>";
		};
		527DD61C2ACDEC2A008A88A1 /* Products */ = {
			isa = PBXGroup;
			children = (
				527DD61B2ACDEC2A008A88A1 /* AnimationApp.app */,
			);
			name = Products;
			sourceTree = "<group>";
		};
		527DD61D2ACDEC2A008A88A1 /* AnimationApp */ = {
			isa = PBXGroup;
			children = (
				52BE3FE52ACDF53200F6F061 /* Extensions */,
				52BE3FE12ACDEDFA00F6F061 /* Delegates */,
				52BE3FE22ACDEE0400F6F061 /* Controllers */,
				52BE3FE02ACDEDDF00F6F061 /* Views */,
				52749D242ACE09A900EB022E /* Assets */,
				527DD62F2ACDEC2C008A88A1 /* Info.plist */,
				527DD6272ACDEC2A008A88A1 /* AnimationApp.xcdatamodeld */,
			);
			path = AnimationApp;
			sourceTree = "<group>";
		};
		52BE3FE02ACDEDDF00F6F061 /* Views */ = {
			isa = PBXGroup;
			children = (
				527DD6242ACDEC2A008A88A1 /* Main.storyboard */,
				527DD62C2ACDEC2C008A88A1 /* LaunchScreen.storyboard */,
			);
			path = Views;
			sourceTree = "<group>";
		};
		52BE3FE12ACDEDFA00F6F061 /* Delegates */ = {
			isa = PBXGroup;
			children = (
				527DD61E2ACDEC2A008A88A1 /* AppDelegate.swift */,
				527DD6202ACDEC2A008A88A1 /* SceneDelegate.swift */,
			);
			path = Delegates;
			sourceTree = "<group>";
		};
		52BE3FE22ACDEE0400F6F061 /* Controllers */ = {
			isa = PBXGroup;
			children = (
				52BE3FE32ACDF3ED00F6F061 /* AnimationVC.swift */,
			);
			path = Controllers;
			sourceTree = "<group>";
		};
		52BE3FE52ACDF53200F6F061 /* Extensions */ = {
			isa = PBXGroup;
			children = (
				52BE3FE62ACDF55200F6F061 /* UIButtonExt.swift */,
			);
			path = Extensions;
			sourceTree = "<group>";
		};
		997F69243E96A3A46B05F0EE /* Frameworks */ = {
			isa = PBXGroup;
			children = (
				9EB56FF38F610F1A7D32EC4E /* Pods_AnimationApp.framework */,
			);
			name = Frameworks;
			sourceTree = "<group>";
		};
/* End PBXGroup section */

/* Begin PBXNativeTarget section */
		527DD61A2ACDEC2A008A88A1 /* AnimationApp */ = {
			isa = PBXNativeTarget;
			buildConfigurationList = 527DD6322ACDEC2C008A88A1 /* Build configuration list for PBXNativeTarget "AnimationApp" */;
			buildPhases = (
				A6C743847673DCA6F9A61B9F /* [CP] Check Pods Manifest.lock */,
				527DD6172ACDEC2A008A88A1 /* Sources */,
				527DD6182ACDEC2A008A88A1 /* Frameworks */,
				527DD6192ACDEC2A008A88A1 /* Resources */,
				1C97E0B3E298803B88330665 /* [CP] Embed Pods Frameworks */,
			);
			buildRules = (
			);
			dependencies = (
			);
			name = AnimationApp;
			productName = AnimationApp;
			productReference = 527DD61B2ACDEC2A008A88A1 /* AnimationApp.app */;
			productType = "com.apple.product-type.application";
		};
/* End PBXNativeTarget section */

/* Begin PBXProject section */
		527DD6132ACDEC2A008A88A1 /* Project object */ = {
			isa = PBXProject;
			attributes = {
				BuildIndependentTargetsInParallel = 1;
				LastSwiftUpdateCheck = 1430;
				LastUpgradeCheck = 1430;
				TargetAttributes = {
					527DD61A2ACDEC2A008A88A1 = {
						CreatedOnToolsVersion = 14.3.1;
					};
				};
			};
			buildConfigurationList = 527DD6162ACDEC2A008A88A1 /* Build configuration list for PBXProject "AnimationApp" */;
			compatibilityVersion = "Xcode 14.0";
			developmentRegion = en;
			hasScannedForEncodings = 0;
			knownRegions = (
				en,
				Base,
			);
			mainGroup = 527DD6122ACDEC2A008A88A1;
			productRefGroup = 527DD61C2ACDEC2A008A88A1 /* Products */;
			projectDirPath = "";
			projectRoot = "";
			targets = (
				527DD61A2ACDEC2A008A88A1 /* AnimationApp */,
			);
		};
/* End PBXProject section */

/* Begin PBXResourcesBuildPhase section */
		527DD6192ACDEC2A008A88A1 /* Resources */ = {
			isa = PBXResourcesBuildPhase;
			buildActionMask = 2147483647;
			files = (
				52749D382ACE0F5000EB022E /* camera.json in Resources */,
				527DD62E2ACDEC2C008A88A1 /* LaunchScreen.storyboard in Resources */,
				52749D372ACE0F5000EB022E /* landscape.json in Resources */,
				52749D392ACE0F5000EB022E /* film.json in Resources */,
				527DD62B2ACDEC2C008A88A1 /* Assets.xcassets in Resources */,
				527DD6262ACDEC2A008A88A1 /* Main.storyboard in Resources */,
			);
			runOnlyForDeploymentPostprocessing = 0;
		};
/* End PBXResourcesBuildPhase section */

/* Begin PBXShellScriptBuildPhase section */
		1C97E0B3E298803B88330665 /* [CP] Embed Pods Frameworks */ = {
			isa = PBXShellScriptBuildPhase;
			buildActionMask = 2147483647;
			files = (
			);
			inputFileListPaths = (
				"${PODS_ROOT}/Target Support Files/Pods-AnimationApp/Pods-AnimationApp-frameworks-${CONFIGURATION}-input-files.xcfilelist",
			);
			name = "[CP] Embed Pods Frameworks";
			outputFileListPaths = (
				"${PODS_ROOT}/Target Support Files/Pods-AnimationApp/Pods-AnimationApp-frameworks-${CONFIGURATION}-output-files.xcfilelist",
			);
			runOnlyForDeploymentPostprocessing = 0;
			shellPath = /bin/sh;
			shellScript = "\"${PODS_ROOT}/Target Support Files/Pods-AnimationApp/Pods-AnimationApp-frameworks.sh\"\n";
			showEnvVarsInLog = 0;
		};
		A6C743847673DCA6F9A61B9F /* [CP] Check Pods Manifest.lock */ = {
			isa = PBXShellScriptBuildPhase;
			buildActionMask = 2147483647;
			files = (
			);
			inputFileListPaths = (
			);
			inputPaths = (
				"${PODS_PODFILE_DIR_PATH}/Podfile.lock",
				"${PODS_ROOT}/Manifest.lock",
			);
			name = "[CP] Check Pods Manifest.lock";
			outputFileListPaths = (
			);
			outputPaths = (
				"$(DERIVED_FILE_DIR)/Pods-AnimationApp-checkManifestLockResult.txt",
			);
			runOnlyForDeploymentPostprocessing = 0;
			shellPath = /bin/sh;
			shellScript = "diff \"${PODS_PODFILE_DIR_PATH}/Podfile.lock\" \"${PODS_ROOT}/Manifest.lock\" > /dev/null\nif [ $? != 0 ] ; then\n    # print error to STDERR\n    echo \"error: The sandbox is not in sync with the Podfile.lock. Run 'pod install' or update your CocoaPods installation.\" >&2\n    exit 1\nfi\n# This output is used by Xcode 'outputs' to avoid re-running this script phase.\necho \"SUCCESS\" > \"${SCRIPT_OUTPUT_FILE_0}\"\n";
			showEnvVarsInLog = 0;
		};
/* End PBXShellScriptBuildPhase section */

/* Begin PBXSourcesBuildPhase section */
		527DD6172ACDEC2A008A88A1 /* Sources */ = {
			isa = PBXSourcesBuildPhase;
			buildActionMask = 2147483647;
			files = (
				52BE3FE42ACDF3ED00F6F061 /* AnimationVC.swift in Sources */,
				52BE3FE72ACDF55200F6F061 /* UIButtonExt.swift in Sources */,
				527DD61F2ACDEC2A008A88A1 /* AppDelegate.swift in Sources */,
				527DD6292ACDEC2A008A88A1 /* AnimationApp.xcdatamodeld in Sources */,
				527DD6212ACDEC2A008A88A1 /* SceneDelegate.swift in Sources */,
			);
			runOnlyForDeploymentPostprocessing = 0;
		};
/* End PBXSourcesBuildPhase section */

/* Begin PBXVariantGroup section */
		527DD6242ACDEC2A008A88A1 /* Main.storyboard */ = {
			isa = PBXVariantGroup;
			children = (
				527DD6252ACDEC2A008A88A1 /* Base */,
			);
			name = Main.storyboard;
			sourceTree = "<group>";
		};
		527DD62C2ACDEC2C008A88A1 /* LaunchScreen.storyboard */ = {
			isa = PBXVariantGroup;
			children = (
				527DD62D2ACDEC2C008A88A1 /* Base */,
			);
			name = LaunchScreen.storyboard;
			sourceTree = "<group>";
		};
/* End PBXVariantGroup section */

/* Begin XCBuildConfiguration section */
		527DD6302ACDEC2C008A88A1 /* Debug */ = {
			isa = XCBuildConfiguration;
			buildSettings = {
				ALWAYS_SEARCH_USER_PATHS = NO;
				CLANG_ANALYZER_NONNULL = YES;
				CLANG_ANALYZER_NUMBER_OBJECT_CONVERSION = YES_AGGRESSIVE;
				CLANG_CXX_LANGUAGE_STANDARD = "gnu++20";
				CLANG_ENABLE_MODULES = YES;
				CLANG_ENABLE_OBJC_ARC = YES;
				CLANG_ENABLE_OBJC_WEAK = YES;
				CLANG_WARN_BLOCK_CAPTURE_AUTORELEASING = YES;
				CLANG_WARN_BOOL_CONVERSION = YES;
				CLANG_WARN_COMMA = YES;
				CLANG_WARN_CONSTANT_CONVERSION = YES;
				CLANG_WARN_DEPRECATED_OBJC_IMPLEMENTATIONS = YES;
				CLANG_WARN_DIRECT_OBJC_ISA_USAGE = YES_ERROR;
				CLANG_WARN_DOCUMENTATION_COMMENTS = YES;
				CLANG_WARN_EMPTY_BODY = YES;
				CLANG_WARN_ENUM_CONVERSION = YES;
				CLANG_WARN_INFINITE_RECURSION = YES;
				CLANG_WARN_INT_CONVERSION = YES;
				CLANG_WARN_NON_LITERAL_NULL_CONVERSION = YES;
				CLANG_WARN_OBJC_IMPLICIT_RETAIN_SELF = YES;
				CLANG_WARN_OBJC_LITERAL_CONVERSION = YES;
				CLANG_WARN_OBJC_ROOT_CLASS = YES_ERROR;
				CLANG_WARN_QUOTED_INCLUDE_IN_FRAMEWORK_HEADER = YES;
				CLANG_WARN_RANGE_LOOP_ANALYSIS = YES;
				CLANG_WARN_STRICT_PROTOTYPES = YES;
				CLANG_WARN_SUSPICIOUS_MOVE = YES;
				CLANG_WARN_UNGUARDED_AVAILABILITY = YES_AGGRESSIVE;
				CLANG_WARN_UNREACHABLE_CODE = YES;
				CLANG_WARN__DUPLICATE_METHOD_MATCH = YES;
				COPY_PHASE_STRIP = NO;
				DEBUG_INFORMATION_FORMAT = dwarf;
				ENABLE_STRICT_OBJC_MSGSEND = YES;
				ENABLE_TESTABILITY = YES;
				GCC_C_LANGUAGE_STANDARD = gnu11;
				GCC_DYNAMIC_NO_PIC = NO;
				GCC_NO_COMMON_BLOCKS = YES;
				GCC_OPTIMIZATION_LEVEL = 0;
				GCC_PREPROCESSOR_DEFINITIONS = (
					"DEBUG=1",
					"$(inherited)",
				);
				GCC_WARN_64_TO_32_BIT_CONVERSION = YES;
				GCC_WARN_ABOUT_RETURN_TYPE = YES_ERROR;
				GCC_WARN_UNDECLARED_SELECTOR = YES;
				GCC_WARN_UNINITIALIZED_AUTOS = YES_AGGRESSIVE;
				GCC_WARN_UNUSED_FUNCTION = YES;
				GCC_WARN_UNUSED_VARIABLE = YES;
				IPHONEOS_DEPLOYMENT_TARGET = 16.4;
				MTL_ENABLE_DEBUG_INFO = INCLUDE_SOURCE;
				MTL_FAST_MATH = YES;
				ONLY_ACTIVE_ARCH = YES;
				SDKROOT = iphoneos;
				SWIFT_ACTIVE_COMPILATION_CONDITIONS = DEBUG;
				SWIFT_OPTIMIZATION_LEVEL = "-Onone";
			};
			name = Debug;
		};
		527DD6312ACDEC2C008A88A1 /* Release */ = {
			isa = XCBuildConfiguration;
			buildSettings = {
				ALWAYS_SEARCH_USER_PATHS = NO;
				CLANG_ANALYZER_NONNULL = YES;
				CLANG_ANALYZER_NUMBER_OBJECT_CONVERSION = YES_AGGRESSIVE;
				CLANG_CXX_LANGUAGE_STANDARD = "gnu++20";
				CLANG_ENABLE_MODULES = YES;
				CLANG_ENABLE_OBJC_ARC = YES;
				CLANG_ENABLE_OBJC_WEAK = YES;
				CLANG_WARN_BLOCK_CAPTURE_AUTORELEASING = YES;
				CLANG_WARN_BOOL_CONVERSION = YES;
				CLANG_WARN_COMMA = YES;
				CLANG_WARN_CONSTANT_CONVERSION = YES;
				CLANG_WARN_DEPRECATED_OBJC_IMPLEMENTATIONS = YES;
				CLANG_WARN_DIRECT_OBJC_ISA_USAGE = YES_ERROR;
				CLANG_WARN_DOCUMENTATION_COMMENTS = YES;
				CLANG_WARN_EMPTY_BODY = YES;
				CLANG_WARN_ENUM_CONVERSION = YES;
				CLANG_WARN_INFINITE_RECURSION = YES;
				CLANG_WARN_INT_CONVERSION = YES;
				CLANG_WARN_NON_LITERAL_NULL_CONVERSION = YES;
				CLANG_WARN_OBJC_IMPLICIT_RETAIN_SELF = YES;
				CLANG_WARN_OBJC_LITERAL_CONVERSION = YES;
				CLANG_WARN_OBJC_ROOT_CLASS = YES_ERROR;
				CLANG_WARN_QUOTED_INCLUDE_IN_FRAMEWORK_HEADER = YES;
				CLANG_WARN_RANGE_LOOP_ANALYSIS = YES;
				CLANG_WARN_STRICT_PROTOTYPES = YES;
				CLANG_WARN_SUSPICIOUS_MOVE = YES;
				CLANG_WARN_UNGUARDED_AVAILABILITY = YES_AGGRESSIVE;
				CLANG_WARN_UNREACHABLE_CODE = YES;
				CLANG_WARN__DUPLICATE_METHOD_MATCH = YES;
				COPY_PHASE_STRIP = NO;
				DEBUG_INFORMATION_FORMAT = "dwarf-with-dsym";
				ENABLE_NS_ASSERTIONS = NO;
				ENABLE_STRICT_OBJC_MSGSEND = YES;
				GCC_C_LANGUAGE_STANDARD = gnu11;
				GCC_NO_COMMON_BLOCKS = YES;
				GCC_WARN_64_TO_32_BIT_CONVERSION = YES;
				GCC_WARN_ABOUT_RETURN_TYPE = YES_ERROR;
				GCC_WARN_UNDECLARED_SELECTOR = YES;
				GCC_WARN_UNINITIALIZED_AUTOS = YES_AGGRESSIVE;
				GCC_WARN_UNUSED_FUNCTION = YES;
				GCC_WARN_UNUSED_VARIABLE = YES;
				IPHONEOS_DEPLOYMENT_TARGET = 16.4;
				MTL_ENABLE_DEBUG_INFO = NO;
				MTL_FAST_MATH = YES;
				SDKROOT = iphoneos;
				SWIFT_COMPILATION_MODE = wholemodule;
				SWIFT_OPTIMIZATION_LEVEL = "-O";
				VALIDATE_PRODUCT = YES;
			};
			name = Release;
		};
		527DD6332ACDEC2C008A88A1 /* Debug */ = {
			isa = XCBuildConfiguration;
			baseConfigurationReference = 979C7596E2BDACCF6ED51B85 /* Pods-AnimationApp.debug.xcconfig */;
			buildSettings = {
				ASSETCATALOG_COMPILER_APPICON_NAME = AppIcon;
				ASSETCATALOG_COMPILER_GLOBAL_ACCENT_COLOR_NAME = AccentColor;
				CODE_SIGN_STYLE = Automatic;
				CURRENT_PROJECT_VERSION = 1;
				DEVELOPMENT_TEAM = RK692GK2JP;
				GENERATE_INFOPLIST_FILE = YES;
				INFOPLIST_FILE = AnimationApp/Info.plist;
				INFOPLIST_KEY_UIApplicationSupportsIndirectInputEvents = YES;
				INFOPLIST_KEY_UILaunchStoryboardName = LaunchScreen;
				INFOPLIST_KEY_UIMainStoryboardFile = Main;
				INFOPLIST_KEY_UISupportedInterfaceOrientations_iPad = "UIInterfaceOrientationPortrait UIInterfaceOrientationPortraitUpsideDown UIInterfaceOrientationLandscapeLeft UIInterfaceOrientationLandscapeRight";
				INFOPLIST_KEY_UISupportedInterfaceOrientations_iPhone = "UIInterfaceOrientationPortrait UIInterfaceOrientationLandscapeLeft UIInterfaceOrientationLandscapeRight";
				LD_RUNPATH_SEARCH_PATHS = (
					"$(inherited)",
					"@executable_path/Frameworks",
				);
				MARKETING_VERSION = 1.0;
				PRODUCT_BUNDLE_IDENTIFIER = com.itlime.AnimationApp;
				PRODUCT_NAME = "$(TARGET_NAME)";
				SWIFT_EMIT_LOC_STRINGS = YES;
				SWIFT_VERSION = 5.0;
				TARGETED_DEVICE_FAMILY = "1,2";
			};
			name = Debug;
		};
		527DD6342ACDEC2C008A88A1 /* Release */ = {
			isa = XCBuildConfiguration;
			baseConfigurationReference = CD8AE7F96FE34D8654DF1CF2 /* Pods-AnimationApp.release.xcconfig */;
			buildSettings = {
				ASSETCATALOG_COMPILER_APPICON_NAME = AppIcon;
				ASSETCATALOG_COMPILER_GLOBAL_ACCENT_COLOR_NAME = AccentColor;
				CODE_SIGN_STYLE = Automatic;
				CURRENT_PROJECT_VERSION = 1;
				DEVELOPMENT_TEAM = RK692GK2JP;
				GENERATE_INFOPLIST_FILE = YES;
				INFOPLIST_FILE = AnimationApp/Info.plist;
				INFOPLIST_KEY_UIApplicationSupportsIndirectInputEvents = YES;
				INFOPLIST_KEY_UILaunchStoryboardName = LaunchScreen;
				INFOPLIST_KEY_UIMainStoryboardFile = Main;
				INFOPLIST_KEY_UISupportedInterfaceOrientations_iPad = "UIInterfaceOrientationPortrait UIInterfaceOrientationPortraitUpsideDown UIInterfaceOrientationLandscapeLeft UIInterfaceOrientationLandscapeRight";
				INFOPLIST_KEY_UISupportedInterfaceOrientations_iPhone = "UIInterfaceOrientationPortrait UIInterfaceOrientationLandscapeLeft UIInterfaceOrientationLandscapeRight";
				LD_RUNPATH_SEARCH_PATHS = (
					"$(inherited)",
					"@executable_path/Frameworks",
				);
				MARKETING_VERSION = 1.0;
				PRODUCT_BUNDLE_IDENTIFIER = com.itlime.AnimationApp;
				PRODUCT_NAME = "$(TARGET_NAME)";
				SWIFT_EMIT_LOC_STRINGS = YES;
				SWIFT_VERSION = 5.0;
				TARGETED_DEVICE_FAMILY = "1,2";
			};
			name = Release;
		};
/* End XCBuildConfiguration section */

/* Begin XCConfigurationList section */
		527DD6162ACDEC2A008A88A1 /* Build configuration list for PBXProject "AnimationApp" */ = {
			isa = XCConfigurationList;
			buildConfigurations = (
				527DD6302ACDEC2C008A88A1 /* Debug */,
				527DD6312ACDEC2C008A88A1 /* Release */,
			);
			defaultConfigurationIsVisible = 0;
			defaultConfigurationName = Release;
		};
		527DD6322ACDEC2C008A88A1 /* Build configuration list for PBXNativeTarget "AnimationApp" */ = {
			isa = XCConfigurationList;
			buildConfigurations = (
				527DD6332ACDEC2C008A88A1 /* Debug */,
				527DD6342ACDEC2C008A88A1 /* Release */,
			);
			defaultConfigurationIsVisible = 0;
			defaultConfigurationName = Release;
		};
/* End XCConfigurationList section */

/* Begin XCVersionGroup section */
		527DD6272ACDEC2A008A88A1 /* AnimationApp.xcdatamodeld */ = {
			isa = XCVersionGroup;
			children = (
				527DD6282ACDEC2A008A88A1 /* AnimationApp.xcdatamodel */,
			);
			currentVersion = 527DD6282ACDEC2A008A88A1 /* AnimationApp.xcdatamodel */;
			path = AnimationApp.xcdatamodeld;
			sourceTree = "<group>";
			versionGroupType = wrapper.xcdatamodel;
		};
/* End XCVersionGroup section */
	};
	rootObject = 527DD6132ACDEC2A008A88A1 /* Project object */;
}
